
Microsoft Visual Studio Solution File, Format Version 12.00
# Visual Studio Version 17
VisualStudioVersion = 17.1.32328.378
MinimumVisualStudioVersion = 10.0.40219.1
Project("{FAE04EC0-301F-11D3-BF4B-00C04F79EFBC}") = "app1", "app1\app1.csproj", "{BF7F2833-9E61-4F30-961A-3DA6D3DE0272}"
EndProject
Global
	GlobalSection(SolutionConfigurationPlatforms) = preSolution
		Debug|Any CPU = Debug|Any CPU
		Release|Any CPU = Release|Any CPU
	EndGlobalSection
	GlobalSection(ProjectConfigurationPlatforms) = postSolution
		{BF7F2833-9E61-4F30-961A-3DA6D3DE0272}.Debug|Any CPU.ActiveCfg = Debug|Any CPU
		{BF7F2833-9E61-4F30-961A-3DA6D3DE0272}.Debug|Any CPU.Build.0 = Debug|Any CPU
		{BF7F2833-9E61-4F30-961A-3DA6D3DE0272}.Release|Any CPU.ActiveCfg = Release|Any CPU
		{BF7F2833-9E61-4F30-961A-3DA6D3DE0272}.Release|Any CPU.Build.0 = Release|Any CPU
	EndGlobalSection
	GlobalSection(SolutionProperties) = preSolution
		HideSolutionNode = FALSE
	EndGlobalSection
	GlobalSection(ExtensibilityGlobals) = postSolution
		SolutionGuid = {1947AF0D-EBE8-4622-BE1F-E3833E83DD13}
	EndGlobalSection
EndGlobal
